
Microsoft Visual Studio Solution File, Format Version 12.00
# Visual Studio Express 2013 for Windows Desktop
VisualStudioVersion = 12.0.40629.0
MinimumVisualStudioVersion = 10.0.40219.1
Project("{FAE04EC0-301F-11D3-BF4B-00C04F79EFBC}") = "NicoServiceAPI", "NicoServiceAPI\NicoServiceAPI.csproj", "{DC0F6234-7AA8-4F2C-9125-9E458528ECCB}"
EndProject
Project("{FAE04EC0-301F-11D3-BF4B-00C04F79EFBC}") = "tester", "tester\tester.csproj", "{C27575DB-B5D1-4951-AEFD-33499B0BDE38}"
EndProject
Global
	GlobalSection(SolutionConfigurationPlatforms) = preSolution
		Debug|Any CPU = Debug|Any CPU
		Release|Any CPU = Release|Any CPU
	EndGlobalSection
	GlobalSection(ProjectConfigurationPlatforms) = postSolution
		{DC0F6234-7AA8-4F2C-9125-9E458528ECCB}.Debug|Any CPU.ActiveCfg = Debug|Any CPU
		{DC0F6234-7AA8-4F2C-9125-9E458528ECCB}.Debug|Any CPU.Build.0 = Debug|Any CPU
		{DC0F6234-7AA8-4F2C-9125-9E458528ECCB}.Release|Any CPU.ActiveCfg = Release|Any CPU
		{DC0F6234-7AA8-4F2C-9125-9E458528ECCB}.Release|Any CPU.Build.0 = Release|Any CPU
		{C27575DB-B5D1-4951-AEFD-33499B0BDE38}.Debug|Any CPU.ActiveCfg = Debug|Any CPU
		{C27575DB-B5D1-4951-AEFD-33499B0BDE38}.Debug|Any CPU.Build.0 = Debug|Any CPU
		{C27575DB-B5D1-4951-AEFD-33499B0BDE38}.Release|Any CPU.ActiveCfg = Release|Any CPU
		{C27575DB-B5D1-4951-AEFD-33499B0BDE38}.Release|Any CPU.Build.0 = Release|Any CPU
	EndGlobalSection
	GlobalSection(SolutionProperties) = preSolution
		HideSolutionNode = FALSE
	EndGlobalSection
EndGlobal
